
Microsoft Visual Studio Solution File, Format Version 12.00
# Visual Studio Version 16
VisualStudioVersion = 25.0.1705.0
MinimumVisualStudioVersion = 10.0.40219.1
Project("{FAE04EC0-301F-11D3-BF4B-00C04F79EFBC}") = "bai2", "bai2\bai2.csproj", "{E8BA7DF8-9879-4E03-9A84-1F4B9762B507}"
EndProject
Global
	GlobalSection(SolutionConfigurationPlatforms) = preSolution
		Debug|Any CPU = Debug|Any CPU
		Release|Any CPU = Release|Any CPU
	EndGlobalSection
	GlobalSection(ProjectConfigurationPlatforms) = postSolution
		{E8BA7DF8-9879-4E03-9A84-1F4B9762B507}.Debug|Any CPU.ActiveCfg = Debug|Any CPU
		{E8BA7DF8-9879-4E03-9A84-1F4B9762B507}.Debug|Any CPU.Build.0 = Debug|Any CPU
		{E8BA7DF8-9879-4E03-9A84-1F4B9762B507}.Release|Any CPU.ActiveCfg = Release|Any CPU
		{E8BA7DF8-9879-4E03-9A84-1F4B9762B507}.Release|Any CPU.Build.0 = Release|Any CPU
	EndGlobalSection
	GlobalSection(SolutionProperties) = preSolution
		HideSolutionNode = FALSE
	EndGlobalSection
	GlobalSection(ExtensibilityGlobals) = postSolution
		SolutionGuid = {0D5B7091-B391-4F8F-A2E8-2B9165906620}
	EndGlobalSection
EndGlobal
