
Microsoft Visual Studio Solution File, Format Version 12.00
# Visual Studio Version 16
VisualStudioVersion = 25.0.1705.0
MinimumVisualStudioVersion = 10.0.40219.1
Project("{FAE04EC0-301F-11D3-BF4B-00C04F79EFBC}") = "bai 1", "bai 1.csproj", "{FCA04512-C0BD-4EE3-9FD0-97B380116E90}"
EndProject
Global
	GlobalSection(SolutionConfigurationPlatforms) = preSolution
		Debug|Any CPU = Debug|Any CPU
		Release|Any CPU = Release|Any CPU
	EndGlobalSection
	GlobalSection(ProjectConfigurationPlatforms) = postSolution
		{FCA04512-C0BD-4EE3-9FD0-97B380116E90}.Debug|Any CPU.ActiveCfg = Debug|Any CPU
		{FCA04512-C0BD-4EE3-9FD0-97B380116E90}.Debug|Any CPU.Build.0 = Debug|Any CPU
		{FCA04512-C0BD-4EE3-9FD0-97B380116E90}.Release|Any CPU.ActiveCfg = Release|Any CPU
		{FCA04512-C0BD-4EE3-9FD0-97B380116E90}.Release|Any CPU.Build.0 = Release|Any CPU
	EndGlobalSection
	GlobalSection(SolutionProperties) = preSolution
		HideSolutionNode = FALSE
	EndGlobalSection
	GlobalSection(ExtensibilityGlobals) = postSolution
		SolutionGuid = {AE703D7A-7A2F-41DD-BD44-A3F70E60E207}
	EndGlobalSection
EndGlobal
